Microsoft Visual Studio Solution File, Format Version 12.00
# Visual Studio Version 17
VisualStudioVersion = 17.5.2.0
MinimumVisualStudioVersion = 10.0.40219.1
Project("{FAE04EC0-301F-11D3-BF4B-00C04F79EFBC}") = "Report.Api", "Report.Api.csproj", "{E94CF355-A85A-6602-E0A7-D1FEC87218C8}"
EndProject
Global
	GlobalSection(SolutionConfigurationPlatforms) = preSolution
		Debug|Any CPU = Debug|Any CPU
		Release|Any CPU = Release|Any CPU
	EndGlobalSection
	GlobalSection(ProjectConfigurationPlatforms) = postSolution
		{E94CF355-A85A-6602-E0A7-D1FEC87218C8}.Debug|Any CPU.ActiveCfg = Debug|Any CPU
		{E94CF355-A85A-6602-E0A7-D1FEC87218C8}.Debug|Any CPU.Build.0 = Debug|Any CPU
		{E94CF355-A85A-6602-E0A7-D1FEC87218C8}.Release|Any CPU.ActiveCfg = Release|Any CPU
		{E94CF355-A85A-6602-E0A7-D1FEC87218C8}.Release|Any CPU.Build.0 = Release|Any CPU
	EndGlobalSection
	GlobalSection(SolutionProperties) = preSolution
		HideSolutionNode = FALSE
	EndGlobalSection
	GlobalSection(ExtensibilityGlobals) = postSolution
		SolutionGuid = {1612662E-630E-426D-8788-C0ADF6612DF1}
	EndGlobalSection
EndGlobal
